// !$*UTF8*$!
{
	archiveVersion = 1;
	classes = {
	};
	objectVersion = 50;
	objects = {

/* Begin PBXBuildFile section */
		52986D6621CB09E10043CD96 /* AppDelegate.swift in Sources */ = {isa = PBXBuildFile; fileRef = 52986D6521CB09E10043CD96 /* AppDelegate.swift */; };
		52986D6821CB09E10043CD96 /* LoginViewController.swift in Sources */ = {isa = PBXBuildFile; fileRef = 52986D6721CB09E10043CD96 /* LoginViewController.swift */; };
		52986D6B21CB09E10043CD96 /* Main.storyboard in Resources */ = {isa = PBXBuildFile; fileRef = 52986D6921CB09E10043CD96 /* Main.storyboard */; };
		52986D6D21CB09E20043CD96 /* Assets.xcassets in Resources */ = {isa = PBXBuildFile; fileRef = 52986D6C21CB09E20043CD96 /* Assets.xcassets */; };
		52986D7021CB09E20043CD96 /* LaunchScreen.storyboard in Resources */ = {isa = PBXBuildFile; fileRef = 52986D6E21CB09E20043CD96 /* LaunchScreen.storyboard */; };
		52986D7B21CB09E20043CD96 /* OnTheMapTests.swift in Sources */ = {isa = PBXBuildFile; fileRef = 52986D7A21CB09E20043CD96 /* OnTheMapTests.swift */; };
		52D3A68521D6F6F60051061A /* LoginResponse.swift in Sources */ = {isa = PBXBuildFile; fileRef = 52D3A68421D6F6F60051061A /* LoginResponse.swift */; };
		52D3A68721D6F7990051061A /* UdacityResponse.swift in Sources */ = {isa = PBXBuildFile; fileRef = 52D3A68621D6F7990051061A /* UdacityResponse.swift */; };
		52D3A68921D6F7C10051061A /* LoginRequest.swift in Sources */ = {isa = PBXBuildFile; fileRef = 52D3A68821D6F7C10051061A /* LoginRequest.swift */; };
		52D3A68B21D7D1BD0051061A /* StudentModel.swift in Sources */ = {isa = PBXBuildFile; fileRef = 52D3A68A21D7D1BD0051061A /* StudentModel.swift */; };
		52D3A68D21D7FB940051061A /* StudentListViewController.swift in Sources */ = {isa = PBXBuildFile; fileRef = 52D3A68C21D7FB940051061A /* StudentListViewController.swift */; };
		52D3A68F21D806D70051061A /* StudentInformation.swift in Sources */ = {isa = PBXBuildFile; fileRef = 52D3A68E21D806D70051061A /* StudentInformation.swift */; };
		52D3A69121D807700051061A /* StudentResults.swift in Sources */ = {isa = PBXBuildFile; fileRef = 52D3A69021D807700051061A /* StudentResults.swift */; };
		52D3A69321D832E60051061A /* UdacityClient.swift in Sources */ = {isa = PBXBuildFile; fileRef = 52D3A69221D832E60051061A /* UdacityClient.swift */; };
		52D5E08421DEC483007E4338 /* APIKeys.swift in Sources */ = {isa = PBXBuildFile; fileRef = 52D5E08321DEC483007E4338 /* APIKeys.swift */; };
		52D5E08821DF0467007E4338 /* StudentMapViewController.swift in Sources */ = {isa = PBXBuildFile; fileRef = 52D5E08721DF0467007E4338 /* StudentMapViewController.swift */; };
		52D5E08A21DFDEC9007E4338 /* InformationPostingViewController.swift in Sources */ = {isa = PBXBuildFile; fileRef = 52D5E08921DFDEC9007E4338 /* InformationPostingViewController.swift */; };
		52D5E08C21DFFD1E007E4338 /* LocationAddedViewController.swift in Sources */ = {isa = PBXBuildFile; fileRef = 52D5E08B21DFFD1E007E4338 /* LocationAddedViewController.swift */; };
/* End PBXBuildFile section */

/* Begin PBXContainerItemProxy section */
		52986D7721CB09E20043CD96 /* PBXContainerItemProxy */ = {
			isa = PBXContainerItemProxy;
			containerPortal = 52986D5A21CB09E10043CD96 /* Project object */;
			proxyType = 1;
			remoteGlobalIDString = 52986D6121CB09E10043CD96;
			remoteInfo = OnTheMap;
		};
/* End PBXContainerItemProxy section */

/* Begin PBXFileReference section */
		52986D6221CB09E10043CD96 /* OnTheMap.app */ = {isa = PBXFileReference; explicitFileType = wrapper.application; includeInIndex = 0; path = OnTheMap.app; sourceTree = BUILT_PRODUCTS_DIR; };
		52986D6521CB09E10043CD96 /* AppDelegate.swift */ = {isa = PBXFileReference; lastKnownFileType = sourcecode.swift; path = AppDelegate.swift; sourceTree = "<group>"; };
		52986D6721CB09E10043CD96 /* LoginViewController.swift */ = {isa = PBXFileReference; lastKnownFileType = sourcecode.swift; path = LoginViewController.swift; sourceTree = "<group>"; };
		52986D6A21CB09E10043CD96 /* Base */ = {isa = PBXFileReference; lastKnownFileType = file.storyboard; name = Base; path = Base.lproj/Main.storyboard; sourceTree = "<group>"; };
		52986D6C21CB09E20043CD96 /* Assets.xcassets */ = {isa = PBXFileReference; lastKnownFileType = folder.assetcatalog; path = Assets.xcassets; sourceTree = "<group>"; };
		52986D6F21CB09E20043CD96 /* Base */ = {isa = PBXFileReference; lastKnownFileType = file.storyboard; name = Base; path = Base.lproj/LaunchScreen.storyboard; sourceTree = "<group>"; };
		52986D7121CB09E20043CD96 /* Info.plist */ = {isa = PBXFileReference; lastKnownFileType = text.plist.xml; path = Info.plist; sourceTree = "<group>"; };
		52986D7621CB09E20043CD96 /* OnTheMapTests.xctest */ = {isa = PBXFileReference; explicitFileType = wrapper.cfbundle; includeInIndex = 0; path = OnTheMapTests.xctest; sourceTree = BUILT_PRODUCTS_DIR; };
		52986D7A21CB09E20043CD96 /* OnTheMapTests.swift */ = {isa = PBXFileReference; lastKnownFileType = sourcecode.swift; path = OnTheMapTests.swift; sourceTree = "<group>"; };
		52986D7C21CB09E20043CD96 /* Info.plist */ = {isa = PBXFileReference; lastKnownFileType = text.plist.xml; name = Info.plist; path = OnTheMapTests/Info.plist; sourceTree = SOURCE_ROOT; };
		52D3A68421D6F6F60051061A /* LoginResponse.swift */ = {isa = PBXFileReference; lastKnownFileType = sourcecode.swift; path = LoginResponse.swift; sourceTree = "<group>"; };
		52D3A68621D6F7990051061A /* UdacityResponse.swift */ = {isa = PBXFileReference; lastKnownFileType = sourcecode.swift; path = UdacityResponse.swift; sourceTree = "<group>"; };
		52D3A68821D6F7C10051061A /* LoginRequest.swift */ = {isa = PBXFileReference; lastKnownFileType = sourcecode.swift; path = LoginRequest.swift; sourceTree = "<group>"; };
		52D3A68A21D7D1BD0051061A /* StudentModel.swift */ = {isa = PBXFileReference; lastKnownFileType = sourcecode.swift; path = StudentModel.swift; sourceTree = "<group>"; };
		52D3A68C21D7FB940051061A /* StudentListViewController.swift */ = {isa = PBXFileReference; lastKnownFileType = sourcecode.swift; path = StudentListViewController.swift; sourceTree = "<group>"; };
		52D3A68E21D806D70051061A /* StudentInformation.swift */ = {isa = PBXFileReference; lastKnownFileType = sourcecode.swift; path = StudentInformation.swift; sourceTree = "<group>"; };
		52D3A69021D807700051061A /* StudentResults.swift */ = {isa = PBXFileReference; lastKnownFileType = sourcecode.swift; path = StudentResults.swift; sourceTree = "<group>"; };
		52D3A69221D832E60051061A /* UdacityClient.swift */ = {isa = PBXFileReference; lastKnownFileType = sourcecode.swift; path = UdacityClient.swift; sourceTree = "<group>"; };
		52D5E08321DEC483007E4338 /* APIKeys.swift */ = {isa = PBXFileReference; lastKnownFileType = sourcecode.swift; path = APIKeys.swift; sourceTree = "<group>"; };
		52D5E08721DF0467007E4338 /* StudentMapViewController.swift */ = {isa = PBXFileReference; lastKnownFileType = sourcecode.swift; path = StudentMapViewController.swift; sourceTree = "<group>"; };
		52D5E08921DFDEC9007E4338 /* InformationPostingViewController.swift */ = {isa = PBXFileReference; lastKnownFileType = sourcecode.swift; path = InformationPostingViewController.swift; sourceTree = "<group>"; };
		52D5E08B21DFFD1E007E4338 /* LocationAddedViewController.swift */ = {isa = PBXFileReference; lastKnownFileType = sourcecode.swift; path = LocationAddedViewController.swift; sourceTree = "<group>"; };
/* End PBXFileReference section */

/* Begin PBXFrameworksBuildPhase section */
		52986D5F21CB09E10043CD96 /* Frameworks */ = {
			isa = PBXFrameworksBuildPhase;
			buildActionMask = 2147483647;
			files = (
			);
			runOnlyForDeploymentPostprocessing = 0;
		};
		52986D7321CB09E20043CD96 /* Frameworks */ = {
			isa = PBXFrameworksBuildPhase;
			buildActionMask = 2147483647;
			files = (
			);
			runOnlyForDeploymentPostprocessing = 0;
		};
/* End PBXFrameworksBuildPhase section */

/* Begin PBXGroup section */
		5297FC3E21D5537C007F098B /* Model */ = {
			isa = PBXGroup;
			children = (
				52D3A68221D697FA0051061A /* Data */,
				52D3A68021D579D40051061A /* OnTheMap Client */,
				52D3A68121D57A0A0051061A /* OnTheMap Requests */,
				52D3A68321D698140051061A /* OnTheMap Responses */,
				52D5E08321DEC483007E4338 /* APIKeys.swift */,
			);
			path = Model;
			sourceTree = "<group>";
		};
		5297FC3F21D55385007F098B /* View */ = {
			isa = PBXGroup;
			children = (
			);
			path = View;
			sourceTree = "<group>";
		};
		5297FC4021D55390007F098B /* Controller */ = {
			isa = PBXGroup;
			children = (
				52986D6721CB09E10043CD96 /* LoginViewController.swift */,
				52D3A68C21D7FB940051061A /* StudentListViewController.swift */,
				52D5E08721DF0467007E4338 /* StudentMapViewController.swift */,
				52D5E08921DFDEC9007E4338 /* InformationPostingViewController.swift */,
				52D5E08B21DFFD1E007E4338 /* LocationAddedViewController.swift */,
			);
			path = Controller;
			sourceTree = "<group>";
		};
		5297FC4121D553C9007F098B /* Assets */ = {
			isa = PBXGroup;
			children = (
				52986D6921CB09E10043CD96 /* Main.storyboard */,
				52986D6E21CB09E20043CD96 /* LaunchScreen.storyboard */,
				52986D6C21CB09E20043CD96 /* Assets.xcassets */,
			);
			path = Assets;
			sourceTree = "<group>";
		};
		52986D5921CB09E10043CD96 = {
			isa = PBXGroup;
			children = (
				52986D6421CB09E10043CD96 /* OnTheMap */,
				5297FC4121D553C9007F098B /* Assets */,
				52986D6321CB09E10043CD96 /* Products */,
				52986D7921CB09E20043CD96 /* OnTheMapTests */,
			);
			sourceTree = "<group>";
		};
		52986D6321CB09E10043CD96 /* Products */ = {
			isa = PBXGroup;
			children = (
				52986D6221CB09E10043CD96 /* OnTheMap.app */,
				52986D7621CB09E20043CD96 /* OnTheMapTests.xctest */,
			);
			name = Products;
			sourceTree = "<group>";
		};
		52986D6421CB09E10043CD96 /* OnTheMap */ = {
			isa = PBXGroup;
			children = (
				52986D6521CB09E10043CD96 /* AppDelegate.swift */,
				52986D7121CB09E20043CD96 /* Info.plist */,
				5297FC3E21D5537C007F098B /* Model */,
				5297FC3F21D55385007F098B /* View */,
				5297FC4021D55390007F098B /* Controller */,
			);
			path = OnTheMap;
			sourceTree = "<group>";
		};
		52986D7921CB09E20043CD96 /* OnTheMapTests */ = {
			isa = PBXGroup;
			children = (
				52986D7C21CB09E20043CD96 /* Info.plist */,
				52986D7A21CB09E20043CD96 /* OnTheMapTests.swift */,
			);
			path = OnTheMapTests;
			sourceTree = "<group>";
		};
		52D3A68021D579D40051061A /* OnTheMap Client */ = {
			isa = PBXGroup;
			children = (
				52D3A69221D832E60051061A /* UdacityClient.swift */,
			);
			path = "OnTheMap Client";
			sourceTree = "<group>";
		};
		52D3A68121D57A0A0051061A /* OnTheMap Requests */ = {
			isa = PBXGroup;
			children = (
				52D3A68821D6F7C10051061A /* LoginRequest.swift */,
			);
			path = "OnTheMap Requests";
			sourceTree = "<group>";
		};
		52D3A68221D697FA0051061A /* Data */ = {
			isa = PBXGroup;
			children = (
				52D3A68A21D7D1BD0051061A /* StudentModel.swift */,
			);
			path = Data;
			sourceTree = "<group>";
		};
		52D3A68321D698140051061A /* OnTheMap Responses */ = {
			isa = PBXGroup;
			children = (
				52D3A68E21D806D70051061A /* StudentInformation.swift */,
				52D3A69021D807700051061A /* StudentResults.swift */,
				52D3A68421D6F6F60051061A /* LoginResponse.swift */,
				52D3A68621D6F7990051061A /* UdacityResponse.swift */,
			);
			path = "OnTheMap Responses";
			sourceTree = "<group>";
		};
/* End PBXGroup section */

/* Begin PBXNativeTarget section */
		52986D6121CB09E10043CD96 /* OnTheMap */ = {
			isa = PBXNativeTarget;
			buildConfigurationList = 52986D7F21CB09E20043CD96 /* Build configuration list for PBXNativeTarget "OnTheMap" */;
			buildPhases = (
				52986D5E21CB09E10043CD96 /* Sources */,
				52986D5F21CB09E10043CD96 /* Frameworks */,
				52986D6021CB09E10043CD96 /* Resources */,
			);
			buildRules = (
			);
			dependencies = (
			);
			name = OnTheMap;
			productName = OnTheMap;
			productReference = 52986D6221CB09E10043CD96 /* OnTheMap.app */;
			productType = "com.apple.product-type.application";
		};
		52986D7521CB09E20043CD96 /* OnTheMapTests */ = {
			isa = PBXNativeTarget;
			buildConfigurationList = 52986D8221CB09E20043CD96 /* Build configuration list for PBXNativeTarget "OnTheMapTests" */;
			buildPhases = (
				52986D7221CB09E20043CD96 /* Sources */,
				52986D7321CB09E20043CD96 /* Frameworks */,
				52986D7421CB09E20043CD96 /* Resources */,
			);
			buildRules = (
			);
			dependencies = (
				52986D7821CB09E20043CD96 /* PBXTargetDependency */,
			);
			name = OnTheMapTests;
			productName = OnTheMapTests;
			productReference = 52986D7621CB09E20043CD96 /* OnTheMapTests.xctest */;
			productType = "com.apple.product-type.bundle.unit-test";
		};
/* End PBXNativeTarget section */

/* Begin PBXProject section */
		52986D5A21CB09E10043CD96 /* Project object */ = {
			isa = PBXProject;
			attributes = {
				LastSwiftUpdateCheck = 1000;
				LastUpgradeCheck = 1000;
				ORGANIZATIONNAME = "Sunfish Empire";
				TargetAttributes = {
					52986D6121CB09E10043CD96 = {
						CreatedOnToolsVersion = 10.0;
					};
					52986D7521CB09E20043CD96 = {
						CreatedOnToolsVersion = 10.0;
						TestTargetID = 52986D6121CB09E10043CD96;
					};
				};
			};
			buildConfigurationList = 52986D5D21CB09E10043CD96 /* Build configuration list for PBXProject "OnTheMap" */;
			compatibilityVersion = "Xcode 9.3";
			developmentRegion = en;
			hasScannedForEncodings = 0;
			knownRegions = (
				en,
				Base,
			);
			mainGroup = 52986D5921CB09E10043CD96;
			productRefGroup = 52986D6321CB09E10043CD96 /* Products */;
			projectDirPath = "";
			projectRoot = "";
			targets = (
				52986D6121CB09E10043CD96 /* OnTheMap */,
				52986D7521CB09E20043CD96 /* OnTheMapTests */,
			);
		};
/* End PBXProject section */

/* Begin PBXResourcesBuildPhase section */
		52986D6021CB09E10043CD96 /* Resources */ = {
			isa = PBXResourcesBuildPhase;
			buildActionMask = 2147483647;
			files = (
				52986D7021CB09E20043CD96 /* LaunchScreen.storyboard in Resources */,
				52986D6D21CB09E20043CD96 /* Assets.xcassets in Resources */,
				52986D6B21CB09E10043CD96 /* Main.storyboard in Resources */,
			);
			runOnlyForDeploymentPostprocessing = 0;
		};
		52986D7421CB09E20043CD96 /* Resources */ = {
			isa = PBXResourcesBuildPhase;
			buildActionMask = 2147483647;
			files = (
			);
			runOnlyForDeploymentPostprocessing = 0;
		};
/* End PBXResourcesBuildPhase section */

/* Begin PBXSourcesBuildPhase section */
		52986D5E21CB09E10043CD96 /* Sources */ = {
			isa = PBXSourcesBuildPhase;
			buildActionMask = 2147483647;
			files = (
				52D5E08421DEC483007E4338 /* APIKeys.swift in Sources */,
				52D5E08821DF0467007E4338 /* StudentMapViewController.swift in Sources */,
				52D5E08C21DFFD1E007E4338 /* LocationAddedViewController.swift in Sources */,
				52D3A69321D832E60051061A /* UdacityClient.swift in Sources */,
				52D3A68D21D7FB940051061A /* StudentListViewController.swift in Sources */,
				52D5E08A21DFDEC9007E4338 /* InformationPostingViewController.swift in Sources */,
				52D3A68B21D7D1BD0051061A /* StudentModel.swift in Sources */,
				52986D6821CB09E10043CD96 /* LoginViewController.swift in Sources */,
				52986D6621CB09E10043CD96 /* AppDelegate.swift in Sources */,
				52D3A68721D6F7990051061A /* UdacityResponse.swift in Sources */,
				52D3A68921D6F7C10051061A /* LoginRequest.swift in Sources */,
				52D3A68521D6F6F60051061A /* LoginResponse.swift in Sources */,
				52D3A68F21D806D70051061A /* StudentInformation.swift in Sources */,
				52D3A69121D807700051061A /* StudentResults.swift in Sources */,
			);
			runOnlyForDeploymentPostprocessing = 0;
		};
		52986D7221CB09E20043CD96 /* Sources */ = {
			isa = PBXSourcesBuildPhase;
			buildActionMask = 2147483647;
			files = (
				52986D7B21CB09E20043CD96 /* OnTheMapTests.swift in Sources */,
			);
			runOnlyForDeploymentPostprocessing = 0;
		};
/* End PBXSourcesBuildPhase section */

/* Begin PBXTargetDependency section */
		52986D7821CB09E20043CD96 /* PBXTargetDependency */ = {
			isa = PBXTargetDependency;
			target = 52986D6121CB09E10043CD96 /* OnTheMap */;
			targetProxy = 52986D7721CB09E20043CD96 /* PBXContainerItemProxy */;
		};
/* End PBXTargetDependency section */

/* Begin PBXVariantGroup section */
		52986D6921CB09E10043CD96 /* Main.storyboard */ = {
			isa = PBXVariantGroup;
			children = (
				52986D6A21CB09E10043CD96 /* Base */,
			);
			name = Main.storyboard;
			sourceTree = "<group>";
		};
		52986D6E21CB09E20043CD96 /* LaunchScreen.storyboard */ = {
			isa = PBXVariantGroup;
			children = (
				52986D6F21CB09E20043CD96 /* Base */,
			);
			name = LaunchScreen.storyboard;
			sourceTree = "<group>";
		};
/* End PBXVariantGroup section */

/* Begin XCBuildConfiguration section */
		52986D7D21CB09E20043CD96 /* Debug */ = {
			isa = XCBuildConfiguration;
			buildSettings = {
				ALWAYS_SEARCH_USER_PATHS = NO;
				CLANG_ANALYZER_NONNULL = YES;
				CLANG_ANALYZER_NUMBER_OBJECT_CONVERSION = YES_AGGRESSIVE;
				CLANG_CXX_LANGUAGE_STANDARD = "gnu++14";
				CLANG_CXX_LIBRARY = "libc++";
				CLANG_ENABLE_MODULES = YES;
				CLANG_ENABLE_OBJC_ARC = YES;
				CLANG_ENABLE_OBJC_WEAK = YES;
				CLANG_WARN_BLOCK_CAPTURE_AUTORELEASING = YES;
				CLANG_WARN_BOOL_CONVERSION = YES;
				CLANG_WARN_COMMA = YES;
				CLANG_WARN_CONSTANT_CONVERSION = YES;
				CLANG_WARN_DEPRECATED_OBJC_IMPLEMENTATIONS = YES;
				CLANG_WARN_DIRECT_OBJC_ISA_USAGE = YES_ERROR;
				CLANG_WARN_DOCUMENTATION_COMMENTS = YES;
				CLANG_WARN_EMPTY_BODY = YES;
				CLANG_WARN_ENUM_CONVERSION = YES;
				CLANG_WARN_INFINITE_RECURSION = YES;
				CLANG_WARN_INT_CONVERSION = YES;
				CLANG_WARN_NON_LITERAL_NULL_CONVERSION = YES;
				CLANG_WARN_OBJC_IMPLICIT_RETAIN_SELF = YES;
				CLANG_WARN_OBJC_LITERAL_CONVERSION = YES;
				CLANG_WARN_OBJC_ROOT_CLASS = YES_ERROR;
				CLANG_WARN_RANGE_LOOP_ANALYSIS = YES;
				CLANG_WARN_STRICT_PROTOTYPES = YES;
				CLANG_WARN_SUSPICIOUS_MOVE = YES;
				CLANG_WARN_UNGUARDED_AVAILABILITY = YES_AGGRESSIVE;
				CLANG_WARN_UNREACHABLE_CODE = YES;
				CLANG_WARN__DUPLICATE_METHOD_MATCH = YES;
				CODE_SIGN_IDENTITY = "iPhone Developer";
				COPY_PHASE_STRIP = NO;
				DEBUG_INFORMATION_FORMAT = dwarf;
				ENABLE_STRICT_OBJC_MSGSEND = YES;
				ENABLE_TESTABILITY = YES;
				GCC_C_LANGUAGE_STANDARD = gnu11;
				GCC_DYNAMIC_NO_PIC = NO;
				GCC_NO_COMMON_BLOCKS = YES;
				GCC_OPTIMIZATION_LEVEL = 0;
				GCC_PREPROCESSOR_DEFINITIONS = (
					"DEBUG=1",
					"$(inherited)",
				);
				GCC_WARN_64_TO_32_BIT_CONVERSION = YES;
				GCC_WARN_ABOUT_RETURN_TYPE = YES_ERROR;
				GCC_WARN_UNDECLARED_SELECTOR = YES;
				GCC_WARN_UNINITIALIZED_AUTOS = YES_AGGRESSIVE;
				GCC_WARN_UNUSED_FUNCTION = YES;
				GCC_WARN_UNUSED_VARIABLE = YES;
				IPHONEOS_DEPLOYMENT_TARGET = 12.0;
				MTL_ENABLE_DEBUG_INFO = INCLUDE_SOURCE;
				MTL_FAST_MATH = YES;
				ONLY_ACTIVE_ARCH = YES;
				SDKROOT = iphoneos;
				SWIFT_ACTIVE_COMPILATION_CONDITIONS = DEBUG;
				SWIFT_OPTIMIZATION_LEVEL = "-Onone";
			};
			name = Debug;
		};
		52986D7E21CB09E20043CD96 /* Release */ = {
			isa = XCBuildConfiguration;
			buildSettings = {
				ALWAYS_SEARCH_USER_PATHS = NO;
				CLANG_ANALYZER_NONNULL = YES;
				CLANG_ANALYZER_NUMBER_OBJECT_CONVERSION = YES_AGGRESSIVE;
				CLANG_CXX_LANGUAGE_STANDARD = "gnu++14";
				CLANG_CXX_LIBRARY = "libc++";
				CLANG_ENABLE_MODULES = YES;
				CLANG_ENABLE_OBJC_ARC = YES;
				CLANG_ENABLE_OBJC_WEAK = YES;
				CLANG_WARN_BLOCK_CAPTURE_AUTORELEASING = YES;
				CLANG_WARN_BOOL_CONVERSION = YES;
				CLANG_WARN_COMMA = YES;
				CLANG_WARN_CONSTANT_CONVERSION = YES;
				CLANG_WARN_DEPRECATED_OBJC_IMPLEMENTATIONS = YES;
				CLANG_WARN_DIRECT_OBJC_ISA_USAGE = YES_ERROR;
				CLANG_WARN_DOCUMENTATION_COMMENTS = YES;
				CLANG_WARN_EMPTY_BODY = YES;
				CLANG_WARN_ENUM_CONVERSION = YES;
				CLANG_WARN_INFINITE_RECURSION = YES;
				CLANG_WARN_INT_CONVERSION = YES;
				CLANG_WARN_NON_LITERAL_NULL_CONVERSION = YES;
				CLANG_WARN_OBJC_IMPLICIT_RETAIN_SELF = YES;
				CLANG_WARN_OBJC_LITERAL_CONVERSION = YES;
				CLANG_WARN_OBJC_ROOT_CLASS = YES_ERROR;
				CLANG_WARN_RANGE_LOOP_ANALYSIS = YES;
				CLANG_WARN_STRICT_PROTOTYPES = YES;
				CLANG_WARN_SUSPICIOUS_MOVE = YES;
				CLANG_WARN_UNGUARDED_AVAILABILITY = YES_AGGRESSIVE;
				CLANG_WARN_UNREACHABLE_CODE = YES;
				CLANG_WARN__DUPLICATE_METHOD_MATCH = YES;
				CODE_SIGN_IDENTITY = "iPhone Developer";
				COPY_PHASE_STRIP = NO;
				DEBUG_INFORMATION_FORMAT = "dwarf-with-dsym";
				ENABLE_NS_ASSERTIONS = NO;
				ENABLE_STRICT_OBJC_MSGSEND = YES;
				GCC_C_LANGUAGE_STANDARD = gnu11;
				GCC_NO_COMMON_BLOCKS = YES;
				GCC_WARN_64_TO_32_BIT_CONVERSION = YES;
				GCC_WARN_ABOUT_RETURN_TYPE = YES_ERROR;
				GCC_WARN_UNDECLARED_SELECTOR = YES;
				GCC_WARN_UNINITIALIZED_AUTOS = YES_AGGRESSIVE;
				GCC_WARN_UNUSED_FUNCTION = YES;
				GCC_WARN_UNUSED_VARIABLE = YES;
				IPHONEOS_DEPLOYMENT_TARGET = 12.0;
				MTL_ENABLE_DEBUG_INFO = NO;
				MTL_FAST_MATH = YES;
				SDKROOT = iphoneos;
				SWIFT_COMPILATION_MODE = wholemodule;
				SWIFT_OPTIMIZATION_LEVEL = "-O";
				VALIDATE_PRODUCT = YES;
			};
			name = Release;
		};
		52986D8021CB09E20043CD96 /* Debug */ = {
			isa = XCBuildConfiguration;
			buildSettings = {
				ASSETCATALOG_COMPILER_APPICON_NAME = AppIcon;
				CODE_SIGN_STYLE = Automatic;
				DEVELOPMENT_TEAM = K97KHP3ZWG;
				INFOPLIST_FILE = OnTheMap/Info.plist;
				LD_RUNPATH_SEARCH_PATHS = (
					"$(inherited)",
					"@executable_path/Frameworks",
				);
				PRODUCT_BUNDLE_IDENTIFIER = com.sunfishempire.OnTheMap;
				PRODUCT_NAME = "$(TARGET_NAME)";
				SWIFT_VERSION = 4.2;
				TARGETED_DEVICE_FAMILY = "1,2";
			};
			name = Debug;
		};
		52986D8121CB09E20043CD96 /* Release */ = {
			isa = XCBuildConfiguration;
			buildSettings = {
				ASSETCATALOG_COMPILER_APPICON_NAME = AppIcon;
				CODE_SIGN_STYLE = Automatic;
				DEVELOPMENT_TEAM = K97KHP3ZWG;
				INFOPLIST_FILE = OnTheMap/Info.plist;
				LD_RUNPATH_SEARCH_PATHS = (
					"$(inherited)",
					"@executable_path/Frameworks",
				);
				PRODUCT_BUNDLE_IDENTIFIER = com.sunfishempire.OnTheMap;
				PRODUCT_NAME = "$(TARGET_NAME)";
				SWIFT_VERSION = 4.2;
				TARGETED_DEVICE_FAMILY = "1,2";
			};
			name = Release;
		};
		52986D8321CB09E20043CD96 /* Debug */ = {
			isa = XCBuildConfiguration;
			buildSettings = {
				ALWAYS_EMBED_SWIFT_STANDARD_LIBRARIES = YES;
				BUNDLE_LOADER = "$(TEST_HOST)";
				CODE_SIGN_STYLE = Automatic;
				DEVELOPMENT_TEAM = K97KHP3ZWG;
				INFOPLIST_FILE = OnTheMapTests/Info.plist;
				LD_RUNPATH_SEARCH_PATHS = (
					"$(inherited)",
					"@executable_path/Frameworks",
					"@loader_path/Frameworks",
				);
				PRODUCT_BUNDLE_IDENTIFIER = com.sunfishempire.OnTheMapTests;
				PRODUCT_NAME = "$(TARGET_NAME)";
				SWIFT_VERSION = 4.2;
				TARGETED_DEVICE_FAMILY = "1,2";
				TEST_HOST = "$(BUILT_PRODUCTS_DIR)/OnTheMap.app/OnTheMap";
			};
			name = Debug;
		};
		52986D8421CB09E20043CD96 /* Release */ = {
			isa = XCBuildConfiguration;
			buildSettings = {
				ALWAYS_EMBED_SWIFT_STANDARD_LIBRARIES = YES;
				BUNDLE_LOADER = "$(TEST_HOST)";
				CODE_SIGN_STYLE = Automatic;
				DEVELOPMENT_TEAM = K97KHP3ZWG;
				INFOPLIST_FILE = OnTheMapTests/Info.plist;
				LD_RUNPATH_SEARCH_PATHS = (
					"$(inherited)",
					"@executable_path/Frameworks",
					"@loader_path/Frameworks",
				);
				PRODUCT_BUNDLE_IDENTIFIER = com.sunfishempire.OnTheMapTests;
				PRODUCT_NAME = "$(TARGET_NAME)";
				SWIFT_VERSION = 4.2;
				TARGETED_DEVICE_FAMILY = "1,2";
				TEST_HOST = "$(BUILT_PRODUCTS_DIR)/OnTheMap.app/OnTheMap";
			};
			name = Release;
		};
/* End XCBuildConfiguration section */

/* Begin XCConfigurationList section */
		52986D5D21CB09E10043CD96 /* Build configuration list for PBXProject "OnTheMap" */ = {
			isa = XCConfigurationList;
			buildConfigurations = (
				52986D7D21CB09E20043CD96 /* Debug */,
				52986D7E21CB09E20043CD96 /* Release */,
			);
			defaultConfigurationIsVisible = 0;
			defaultConfigurationName = Release;
		};
		52986D7F21CB09E20043CD96 /* Build configuration list for PBXNativeTarget "OnTheMap" */ = {
			isa = XCConfigurationList;
			buildConfigurations = (
				52986D8021CB09E20043CD96 /* Debug */,
				52986D8121CB09E20043CD96 /* Release */,
			);
			defaultConfigurationIsVisible = 0;
			defaultConfigurationName = Release;
		};
		52986D8221CB09E20043CD96 /* Build configuration list for PBXNativeTarget "OnTheMapTests" */ = {
			isa = XCConfigurationList;
			buildConfigurations = (
				52986D8321CB09E20043CD96 /* Debug */,
				52986D8421CB09E20043CD96 /* Release */,
			);
			defaultConfigurationIsVisible = 0;
			defaultConfigurationName = Release;
		};
/* End XCConfigurationList section */
	};
	rootObject = 52986D5A21CB09E10043CD96 /* Project object */;
}
